
Microsoft Visual Studio Solution File, Format Version 12.00
# Visual Studio Version 17
VisualStudioVersion = 17.0.31903.59
MinimumVisualStudioVersion = 10.0.40219.1
Project("{FAE04EC0-301F-11D3-BF4B-00C04F79EFBC}") = "API1", "API1\API1.csproj", "{C2981B81-F07A-45A6-919F-790986C74DCE}"
EndProject
Project("{FAE04EC0-301F-11D3-BF4B-00C04F79EFBC}") = "API2", "API2\API2.csproj", "{81070211-A330-40B7-93B5-9ECAB423D2CB}"
EndProject
Project("{FAE04EC0-301F-11D3-BF4B-00C04F79EFBC}") = "API-Gateway", "API-Gateway\API-Gateway.csproj", "{BEDB61F9-7168-40A7-A259-A64D62205B4E}"
EndProject
Global
	GlobalSection(SolutionConfigurationPlatforms) = preSolution
		Debug|Any CPU = Debug|Any CPU
		Release|Any CPU = Release|Any CPU
	EndGlobalSection
	GlobalSection(ProjectConfigurationPlatforms) = postSolution
		{C2981B81-F07A-45A6-919F-790986C74DCE}.Debug|Any CPU.ActiveCfg = Debug|Any CPU
		{C2981B81-F07A-45A6-919F-790986C74DCE}.Debug|Any CPU.Build.0 = Debug|Any CPU
		{C2981B81-F07A-45A6-919F-790986C74DCE}.Release|Any CPU.ActiveCfg = Release|Any CPU
		{C2981B81-F07A-45A6-919F-790986C74DCE}.Release|Any CPU.Build.0 = Release|Any CPU
		{81070211-A330-40B7-93B5-9ECAB423D2CB}.Debug|Any CPU.ActiveCfg = Debug|Any CPU
		{81070211-A330-40B7-93B5-9ECAB423D2CB}.Debug|Any CPU.Build.0 = Debug|Any CPU
		{81070211-A330-40B7-93B5-9ECAB423D2CB}.Release|Any CPU.ActiveCfg = Release|Any CPU
		{81070211-A330-40B7-93B5-9ECAB423D2CB}.Release|Any CPU.Build.0 = Release|Any CPU
		{BEDB61F9-7168-40A7-A259-A64D62205B4E}.Debug|Any CPU.ActiveCfg = Debug|Any CPU
		{BEDB61F9-7168-40A7-A259-A64D62205B4E}.Debug|Any CPU.Build.0 = Debug|Any CPU
		{BEDB61F9-7168-40A7-A259-A64D62205B4E}.Release|Any CPU.ActiveCfg = Release|Any CPU
		{BEDB61F9-7168-40A7-A259-A64D62205B4E}.Release|Any CPU.Build.0 = Release|Any CPU
	EndGlobalSection
	GlobalSection(SolutionProperties) = preSolution
		HideSolutionNode = FALSE
	EndGlobalSection
	GlobalSection(ExtensibilityGlobals) = postSolution
		SolutionGuid = {E8653319-C70C-4CB0-97BE-55F18AB58CBA}
	EndGlobalSection
EndGlobal
